
Microsoft Visual Studio Solution File, Format Version 12.00
# Visual Studio Version 17
VisualStudioVersion = 17.4.33213.308
MinimumVisualStudioVersion = 10.0.40219.1
Project("{FAE04EC0-301F-11D3-BF4B-00C04F79EFBC}") = "Inheritance", "Inheritance.csproj", "{B8BA135F-F594-4A2E-B084-74664B39EB4C}"
EndProject
Global
	GlobalSection(SolutionConfigurationPlatforms) = preSolution
		Debug|Any CPU = Debug|Any CPU
		Release|Any CPU = Release|Any CPU
	EndGlobalSection
	GlobalSection(ProjectConfigurationPlatforms) = postSolution
		{B8BA135F-F594-4A2E-B084-74664B39EB4C}.Debug|Any CPU.ActiveCfg = Debug|Any CPU
		{B8BA135F-F594-4A2E-B084-74664B39EB4C}.Debug|Any CPU.Build.0 = Debug|Any CPU
		{B8BA135F-F594-4A2E-B084-74664B39EB4C}.Release|Any CPU.ActiveCfg = Release|Any CPU
		{B8BA135F-F594-4A2E-B084-74664B39EB4C}.Release|Any CPU.Build.0 = Release|Any CPU
	EndGlobalSection
	GlobalSection(SolutionProperties) = preSolution
		HideSolutionNode = FALSE
	EndGlobalSection
	GlobalSection(ExtensibilityGlobals) = postSolution
		SolutionGuid = {B99B8E86-F0C9-4128-9816-85038B41650A}
	EndGlobalSection
EndGlobal
